{
  "name": "reachat",
  "version": "1.0.0",
  "lockfileVersion": 3,
  "requires": true,
  "packages": {
    "": {
      "name": "reachat",
      "version": "1.0.0",
      "license": "ISC",
      "dependencies": {
        "reablocks": "^8.4.1"
      }
    },
    "node_modules/@babel/runtime": {
      "version": "7.24.8",
      "resolved": "https://registry.npmjs.org/@babel/runtime/-/runtime-7.24.8.tgz",
      "integrity": "sha512-5F7SDGs1T72ZczbRwbGO9lQi0NLjQxzl6i4lJxLxfW9U5UluCSyEJeniWvnhl3/euNiqQVbo8zruhsDfid0esA==",
      "dependencies": {
        "regenerator-runtime": "^0.14.0"
      },
      "engines": {
        "node": ">=6.9.0"
      }
    },
    "node_modules/@emotion/is-prop-valid": {
      "version": "0.8.8",
      "resolved": "https://registry.npmjs.org/@emotion/is-prop-valid/-/is-prop-valid-0.8.8.tgz",
      "integrity": "sha512-u5WtneEAr5IDG2Wv65yhunPSMLIpuKsbuOktRojfrEiEvRyC85LgPMZI63cr7NUqT8ZIGdSVg8ZKGxIug4lXcA==",
      "optional": true,
      "dependencies": {
        "@emotion/memoize": "0.7.4"
      }
    },
    "node_modules/@emotion/memoize": {
      "version": "0.7.4",
      "resolved": "https://registry.npmjs.org/@emotion/memoize/-/memoize-0.7.4.tgz",
      "integrity": "sha512-Ja/Vfqe3HpuzRsG1oBtWTHk2PGZ7GR+2Vz5iYGelAw8dx32K0y7PjVuxK6z1nMpZOqAFsRUPCkK1YjJ56qJlgw==",
      "optional": true
    },
    "node_modules/@floating-ui/core": {
      "version": "1.6.5",
      "resolved": "https://registry.npmjs.org/@floating-ui/core/-/core-1.6.5.tgz",
      "integrity": "sha512-8GrTWmoFhm5BsMZOTHeGD2/0FLKLQQHvO/ZmQga4tKempYRLz8aqJGqXVuQgisnMObq2YZ2SgkwctN1LOOxcqA==",
      "dependencies": {
        "@floating-ui/utils": "^0.2.5"
      }
    },
    "node_modules/@floating-ui/dom": {
      "version": "1.6.8",
      "resolved": "https://registry.npmjs.org/@floating-ui/dom/-/dom-1.6.8.tgz",
      "integrity": "sha512-kx62rP19VZ767Q653wsP1XZCGIirkE09E0QUGNYTM/ttbbQHqcGPdSfWFxUyyNLc/W6aoJRBajOSXhP6GXjC0Q==",
      "dependencies": {
        "@floating-ui/core": "^1.6.0",
        "@floating-ui/utils": "^0.2.5"
      }
    },
    "node_modules/@floating-ui/react": {
      "version": "0.26.20",
      "resolved": "https://registry.npmjs.org/@floating-ui/react/-/react-0.26.20.tgz",
      "integrity": "sha512-RixKJJG92fcIsVoqrFr4Onpzh7hlOx4U7NV4aLhMLmtvjZ5oTB/WzXaANYUZATKqXvvW7t9sCxtzejip26N5Ag==",
      "dependencies": {
        "@floating-ui/react-dom": "^2.1.1",
        "@floating-ui/utils": "^0.2.5",
        "tabbable": "^6.0.0"
      },
      "peerDependencies": {
        "react": ">=16.8.0",
        "react-dom": ">=16.8.0"
      }
    },
    "node_modules/@floating-ui/react-dom": {
      "version": "2.1.1",
      "resolved": "https://registry.npmjs.org/@floating-ui/react-dom/-/react-dom-2.1.1.tgz",
      "integrity": "sha512-4h84MJt3CHrtG18mGsXuLCHMrug49d7DFkU0RMIyshRveBeyV2hmV/pDaF2Uxtu8kgq5r46llp5E5FQiR0K2Yg==",
      "dependencies": {
        "@floating-ui/dom": "^1.0.0"
      },
      "peerDependencies": {
        "react": ">=16.8.0",
        "react-dom": ">=16.8.0"
      }
    },
    "node_modules/@floating-ui/utils": {
      "version": "0.2.5",
      "resolved": "https://registry.npmjs.org/@floating-ui/utils/-/utils-0.2.5.tgz",
      "integrity": "sha512-sTcG+QZ6fdEUObICavU+aB3Mp8HY4n14wYHdxK4fXjPmv3PXZZeY5RaguJmGyeH/CJQhX3fqKUtS4qc1LoHwhQ=="
    },
    "node_modules/@marko19907/string-to-color": {
      "version": "1.0.0",
      "resolved": "https://registry.npmjs.org/@marko19907/string-to-color/-/string-to-color-1.0.0.tgz",
      "integrity": "sha512-V3ipYiIUhYjP7BqpOY06mgRFFGoR9cKawD4iJQFhEnuy3j3e0ipcr+OpNQLbOBrIU3p9wuPw3OwBn0hHopDW0A==",
      "dependencies": {
        "esm-seedrandom": "^3.0.5"
      }
    },
    "node_modules/@reaviz/react-use-fuzzy": {
      "version": "1.0.3",
      "resolved": "https://registry.npmjs.org/@reaviz/react-use-fuzzy/-/react-use-fuzzy-1.0.3.tgz",
      "integrity": "sha512-ON5RxiI0r9zNpEKHvxqT8zz3iI4kzc37NzB4t8lfXSWwCEkpzxWY9TB2JAdYp9LC3UW2tN9zxdMnaNBLz4atTw==",
      "peerDependencies": {
        "fuse.js": "^6.6.2",
        "react": ">= 16"
      }
    },
    "node_modules/body-scroll-lock-upgrade": {
      "version": "1.1.0",
      "resolved": "https://registry.npmjs.org/body-scroll-lock-upgrade/-/body-scroll-lock-upgrade-1.1.0.tgz",
      "integrity": "sha512-nnfVAS+tB7CS9RaksuHVTpgHWHF7fE/ptIBJnwZrMqImIvWJF1OGcLnMpBhC6qhkx9oelvyxmWXwmIJXCV98Sw=="
    },
    "node_modules/chroma-js": {
      "version": "2.4.2",
      "resolved": "https://registry.npmjs.org/chroma-js/-/chroma-js-2.4.2.tgz",
      "integrity": "sha512-U9eDw6+wt7V8z5NncY2jJfZa+hUH8XEj8FQHgFJTrUFnJfXYf4Ml4adI2vXZOjqRDpFWtYVWypDfZwnJ+HIR4A=="
    },
    "node_modules/classnames": {
      "version": "2.5.1",
      "resolved": "https://registry.npmjs.org/classnames/-/classnames-2.5.1.tgz",
      "integrity": "sha512-saHYOzhIQs6wy2sVxTM6bUDsQO4F50V9RQ22qBpEdCW+I+/Wmke2HOl6lS6dTpdxVhb88/I6+Hs+438c3lfUow=="
    },
    "node_modules/coverup": {
      "version": "0.1.1",
      "resolved": "https://registry.npmjs.org/coverup/-/coverup-0.1.1.tgz",
      "integrity": "sha512-Q2Fs0v3M4eMNfj0TGaFb4Oh0yuaQj9EhQbEKtFhD3Tm4HZt1Zn7TrBKX14gVEO9aeWP8KnF2/qrh7fr/rvbcXw==",
      "deprecated": "No longer maintained"
    },
    "node_modules/create-global-state-hook": {
      "version": "0.0.2",
      "resolved": "https://registry.npmjs.org/create-global-state-hook/-/create-global-state-hook-0.0.2.tgz",
      "integrity": "sha512-+1gRNwtuSQIC9lQQngfcY1VARKs6R32KJjI1bFrsp0W5MbauupRW/uQF0f+ElXx8xMmuEK9wl5zqAslzj6GvCA=="
    },
    "node_modules/ctrl-keys": {
      "version": "1.0.3",
      "resolved": "https://registry.npmjs.org/ctrl-keys/-/ctrl-keys-1.0.3.tgz",
      "integrity": "sha512-Kcb05/xUNra57fxpsLOflECWYbjQEQ9ZuQEthB3cgESN5zMLJ364twA9h2kqz8n06RnTY/+rKWM3UbkOWKeEJg==",
      "engines": {
        "node": ">=10"
      }
    },
    "node_modules/date-fns": {
      "version": "3.6.0",
      "resolved": "https://registry.npmjs.org/date-fns/-/date-fns-3.6.0.tgz",
      "integrity": "sha512-fRHTG8g/Gif+kSh50gaGEdToemgfj74aRX3swtiouboip5JDLAyDE9F11nHMIcvOaXeOC6D7SpNhi7uFyB7Uww==",
      "funding": {
        "type": "github",
        "url": "https://github.com/sponsors/kossnocorp"
      }
    },
    "node_modules/ellipsize": {
      "version": "0.5.1",
      "resolved": "https://registry.npmjs.org/ellipsize/-/ellipsize-0.5.1.tgz",
      "integrity": "sha512-0jEAyuIRU6U8MN0S5yUqIrkK/AQWkChh642N3zQuGV57s9bsUWYLc0jJOoDIUkZ2sbEL3ySq8xfq71BvG4q3hw=="
    },
    "node_modules/esm-seedrandom": {
      "version": "3.0.5",
      "resolved": "https://registry.npmjs.org/esm-seedrandom/-/esm-seedrandom-3.0.5.tgz",
      "integrity": "sha512-pMAq0mFIr5JQ3Ihbng7EBLMJ+llMbaDKkiG44pqbSXS0NIZWtEANpOpxb5s6Q8Q2R562P26qMHPv8YtP/NHh9g=="
    },
    "node_modules/focus-trap": {
      "version": "7.5.4",
      "resolved": "https://registry.npmjs.org/focus-trap/-/focus-trap-7.5.4.tgz",
      "integrity": "sha512-N7kHdlgsO/v+iD/dMoJKtsSqs5Dz/dXZVebRgJw23LDk+jMi/974zyiOYDziY2JPp8xivq9BmUGwIJMiuSBi7w==",
      "dependencies": {
        "tabbable": "^6.2.0"
      }
    },
    "node_modules/focus-trap-react": {
      "version": "10.2.3",
      "resolved": "https://registry.npmjs.org/focus-trap-react/-/focus-trap-react-10.2.3.tgz",
      "integrity": "sha512-YXBpFu/hIeSu6NnmV2xlXzOYxuWkoOtar9jzgp3lOmjWLWY59C/b8DtDHEAV4SPU07Nd/t+nS/SBNGkhUBFmEw==",
      "dependencies": {
        "focus-trap": "^7.5.4",
        "tabbable": "^6.2.0"
      },
      "peerDependencies": {
        "prop-types": "^15.8.1",
        "react": ">=16.3.0",
        "react-dom": ">=16.3.0"
      }
    },
    "node_modules/framer-motion": {
      "version": "10.18.0",
      "resolved": "https://registry.npmjs.org/framer-motion/-/framer-motion-10.18.0.tgz",
      "integrity": "sha512-oGlDh1Q1XqYPksuTD/usb0I70hq95OUzmL9+6Zd+Hs4XV0oaISBa/UUMSjYiq6m8EUF32132mOJ8xVZS+I0S6w==",
      "dependencies": {
        "tslib": "^2.4.0"
      },
      "optionalDependencies": {
        "@emotion/is-prop-valid": "^0.8.2"
      },
      "peerDependencies": {
        "react": "^18.0.0",
        "react-dom": "^18.0.0"
      },
      "peerDependenciesMeta": {
        "react": {
          "optional": true
        },
        "react-dom": {
          "optional": true
        }
      }
    },
    "node_modules/fuse.js": {
      "version": "6.6.2",
      "resolved": "https://registry.npmjs.org/fuse.js/-/fuse.js-6.6.2.tgz",
      "integrity": "sha512-cJaJkxCCxC8qIIcPBF9yGxY0W/tVZS3uEISDxhYIdtk8OL93pe+6Zj7LjCqVV4dzbqcriOZ+kQ/NE4RXZHsIGA==",
      "engines": {
        "node": ">=10"
      }
    },
    "node_modules/highlight-words-core": {
      "version": "1.2.2",
      "resolved": "https://registry.npmjs.org/highlight-words-core/-/highlight-words-core-1.2.2.tgz",
      "integrity": "sha512-BXUKIkUuh6cmmxzi5OIbUJxrG8OAk2MqoL1DtO3Wo9D2faJg2ph5ntyuQeLqaHJmzER6H5tllCDA9ZnNe9BVGg=="
    },
    "node_modules/human-format": {
      "version": "1.2.0",
      "resolved": "https://registry.npmjs.org/human-format/-/human-format-1.2.0.tgz",
      "integrity": "sha512-GIjOefWusTiXEPezbuI59uc1G2SNMpym6w1wNfoWAG6QrTsWueuauR5We0xHHuzoJKIYTwwNtTEy0ahyji5KXw==",
      "engines": {
        "node": ">=4"
      }
    },
    "node_modules/js-tokens": {
      "version": "4.0.0",
      "resolved": "https://registry.npmjs.org/js-tokens/-/js-tokens-4.0.0.tgz",
      "integrity": "sha512-RdJUflcE3cUzKiMqQgsCu06FPu9UdIJO0beYbPhHN4k6apgJtifcoCtT9bcxOpYBtpD2kCM6Sbzg4CausW/PKQ=="
    },
    "node_modules/loose-envify": {
      "version": "1.4.0",
      "resolved": "https://registry.npmjs.org/loose-envify/-/loose-envify-1.4.0.tgz",
      "integrity": "sha512-lyuxPGr/Wfhrlem2CL/UcnUc1zcqKAImBDzukY7Y5F/yQiNdko6+fRLevlw1HgMySw7f611UIY408EtxRSoK3Q==",
      "dependencies": {
        "js-tokens": "^3.0.0 || ^4.0.0"
      },
      "bin": {
        "loose-envify": "cli.js"
      }
    },
    "node_modules/memoize-one": {
      "version": "4.0.3",
      "resolved": "https://registry.npmjs.org/memoize-one/-/memoize-one-4.0.3.tgz",
      "integrity": "sha512-QmpUu4KqDmX0plH4u+tf0riMc1KHE1+lw95cMrLlXQAFOx/xnBtwhZ52XJxd9X2O6kwKBqX32kmhbhlobD0cuw=="
    },
    "node_modules/name-initials": {
      "version": "0.1.3",
      "resolved": "https://registry.npmjs.org/name-initials/-/name-initials-0.1.3.tgz",
      "integrity": "sha512-UJcpCmyftGuZ7I46dqOw776VvH3VqHhAM7ma4eyY0t52FahFv/VhmDqSeekwSZFXyK9HLg9MXmb9udeOJ3YtCA=="
    },
    "node_modules/object-assign": {
      "version": "4.1.1",
      "resolved": "https://registry.npmjs.org/object-assign/-/object-assign-4.1.1.tgz",
      "integrity": "sha512-rJgTQnkUnH1sFw8yT6VSU3zD3sWmu6sZhIseY8VX+GRu3P6F7Fu+JNDoXfklElbLJSnc3FUQHVe4cU5hj+BcUg==",
      "engines": {
        "node": ">=0.10.0"
      }
    },
    "node_modules/pluralize": {
      "version": "8.0.0",
      "resolved": "https://registry.npmjs.org/pluralize/-/pluralize-8.0.0.tgz",
      "integrity": "sha512-Nc3IT5yHzflTfbjgqWcCPpo7DaKy4FnpB0l/zCAW0Tc7jxAiuqSxHasntB3D7887LSrA93kDJ9IXovxJYxyLCA==",
      "engines": {
        "node": ">=4"
      }
    },
    "node_modules/prop-types": {
      "version": "15.8.1",
      "resolved": "https://registry.npmjs.org/prop-types/-/prop-types-15.8.1.tgz",
      "integrity": "sha512-oj87CgZICdulUohogVAR7AjlC0327U4el4L6eAvOqCeudMDVU0NThNaV+b9Df4dXgSP1gXMTnPdhfe/2qDH5cg==",
      "dependencies": {
        "loose-envify": "^1.4.0",
        "object-assign": "^4.1.1",
        "react-is": "^16.13.1"
      }
    },
    "node_modules/reablocks": {
      "version": "8.4.1",
      "resolved": "https://registry.npmjs.org/reablocks/-/reablocks-8.4.1.tgz",
      "integrity": "sha512-kMtmhkpFxdTVPU3558kh25c13OC569NxomS8n6WXbu1NbQWfXosYk30YdqmMlR2hGzqDoUrQpNM2gOuRmPF9Qg==",
      "dependencies": {
        "@floating-ui/react": "^0.26.16",
        "@marko19907/string-to-color": "^1.0.0",
        "@reaviz/react-use-fuzzy": "^1.0.3",
        "body-scroll-lock-upgrade": "^1.1.0",
        "chroma-js": "^2.4.2",
        "classnames": "^2.5.1",
        "coverup": "^0.1.1",
        "create-global-state-hook": "^0.0.2",
        "ctrl-keys": "^1.0.3",
        "date-fns": "^3.6.0",
        "ellipsize": "^0.5.1",
        "focus-trap-react": "^10.2.3",
        "framer-motion": "^10.16.16",
        "fuse.js": "^6.6.2",
        "human-format": "^1.2.0",
        "name-initials": "^0.1.3",
        "pluralize": "^8.0.0",
        "react-fast-compare": "^3.2.2",
        "react-highlight-words": "^0.20.0",
        "react-textarea-autosize": "^8.5.3",
        "tailwind-merge": "^2.2.2"
      },
      "peerDependencies": {
        "react": ">=16",
        "react-dom": ">=16"
      }
    },
    "node_modules/react": {
      "version": "18.3.1",
      "resolved": "https://registry.npmjs.org/react/-/react-18.3.1.tgz",
      "integrity": "sha512-wS+hAgJShR0KhEvPJArfuPVN1+Hz1t0Y6n5jLrGQbkb4urgPE/0Rve+1kMB1v/oWgHgm4WIcV+i7F2pTVj+2iQ==",
      "peer": true,
      "dependencies": {
        "loose-envify": "^1.1.0"
      },
      "engines": {
        "node": ">=0.10.0"
      }
    },
    "node_modules/react-dom": {
      "version": "18.3.1",
      "resolved": "https://registry.npmjs.org/react-dom/-/react-dom-18.3.1.tgz",
      "integrity": "sha512-5m4nQKp+rZRb09LNH59GM4BxTh9251/ylbKIbpe7TpGxfJ+9kv6BLkLBXIjjspbgbnIBNqlI23tRnTWT0snUIw==",
      "peer": true,
      "dependencies": {
        "loose-envify": "^1.1.0",
        "scheduler": "^0.23.2"
      },
      "peerDependencies": {
        "react": "^18.3.1"
      }
    },
    "node_modules/react-fast-compare": {
      "version": "3.2.2",
      "resolved": "https://registry.npmjs.org/react-fast-compare/-/react-fast-compare-3.2.2.tgz",
      "integrity": "sha512-nsO+KSNgo1SbJqJEYRE9ERzo7YtYbou/OqjSQKxV7jcKox7+usiUVZOAC+XnDOABXggQTno0Y1CpVnuWEc1boQ=="
    },
    "node_modules/react-highlight-words": {
      "version": "0.20.0",
      "resolved": "https://registry.npmjs.org/react-highlight-words/-/react-highlight-words-0.20.0.tgz",
      "integrity": "sha512-asCxy+jCehDVhusNmCBoxDf2mm1AJ//D+EzDx1m5K7EqsMBIHdZ5G4LdwbSEXqZq1Ros0G0UySWmAtntSph7XA==",
      "dependencies": {
        "highlight-words-core": "^1.2.0",
        "memoize-one": "^4.0.0",
        "prop-types": "^15.5.8"
      },
      "peerDependencies": {
        "react": "^0.14.0 || ^15.0.0 || ^16.0.0-0 || ^17.0.0-0 || ^18.0.0-0"
      }
    },
    "node_modules/react-is": {
      "version": "16.13.1",
      "resolved": "https://registry.npmjs.org/react-is/-/react-is-16.13.1.tgz",
      "integrity": "sha512-24e6ynE2H+OKt4kqsOvNd8kBpV65zoxbA4BVsEOB3ARVWQki/DHzaUoC5KuON/BiccDaCCTZBuOcfZs70kR8bQ=="
    },
    "node_modules/react-textarea-autosize": {
      "version": "8.5.3",
      "resolved": "https://registry.npmjs.org/react-textarea-autosize/-/react-textarea-autosize-8.5.3.tgz",
      "integrity": "sha512-XT1024o2pqCuZSuBt9FwHlaDeNtVrtCXu0Rnz88t1jUGheCLa3PhjE1GH8Ctm2axEtvdCl5SUHYschyQ0L5QHQ==",
      "dependencies": {
        "@babel/runtime": "^7.20.13",
        "use-composed-ref": "^1.3.0",
        "use-latest": "^1.2.1"
      },
      "engines": {
        "node": ">=10"
      },
      "peerDependencies": {
        "react": "^16.8.0 || ^17.0.0 || ^18.0.0"
      }
    },
    "node_modules/regenerator-runtime": {
      "version": "0.14.1",
      "resolved": "https://registry.npmjs.org/regenerator-runtime/-/regenerator-runtime-0.14.1.tgz",
      "integrity": "sha512-dYnhHh0nJoMfnkZs6GmmhFknAGRrLznOu5nc9ML+EJxGvrx6H7teuevqVqCuPcPK//3eDrrjQhehXVx9cnkGdw=="
    },
    "node_modules/scheduler": {
      "version": "0.23.2",
      "resolved": "https://registry.npmjs.org/scheduler/-/scheduler-0.23.2.tgz",
      "integrity": "sha512-UOShsPwz7NrMUqhR6t0hWjFduvOzbtv7toDH1/hIrfRNIDBnnBWd0CwJTGvTpngVlmwGCdP9/Zl/tVrDqcuYzQ==",
      "peer": true,
      "dependencies": {
        "loose-envify": "^1.1.0"
      }
    },
    "node_modules/tabbable": {
      "version": "6.2.0",
      "resolved": "https://registry.npmjs.org/tabbable/-/tabbable-6.2.0.tgz",
      "integrity": "sha512-Cat63mxsVJlzYvN51JmVXIgNoUokrIaT2zLclCXjRd8boZ0004U4KCs/sToJ75C6sdlByWxpYnb5Boif1VSFew=="
    },
    "node_modules/tailwind-merge": {
      "version": "2.4.0",
      "resolved": "https://registry.npmjs.org/tailwind-merge/-/tailwind-merge-2.4.0.tgz",
      "integrity": "sha512-49AwoOQNKdqKPd9CViyH5wJoSKsCDjUlzL8DxuGp3P1FsGY36NJDAa18jLZcaHAUUuTj+JB8IAo8zWgBNvBF7A==",
      "funding": {
        "type": "github",
        "url": "https://github.com/sponsors/dcastil"
      }
    },
    "node_modules/tslib": {
      "version": "2.6.3",
      "resolved": "https://registry.npmjs.org/tslib/-/tslib-2.6.3.tgz",
      "integrity": "sha512-xNvxJEOUiWPGhUuUdQgAJPKOOJfGnIyKySOc09XkKsgdUV/3E2zvwZYdejjmRgPCgcym1juLH3226yA7sEFJKQ=="
    },
    "node_modules/use-composed-ref": {
      "version": "1.3.0",
      "resolved": "https://registry.npmjs.org/use-composed-ref/-/use-composed-ref-1.3.0.tgz",
      "integrity": "sha512-GLMG0Jc/jiKov/3Ulid1wbv3r54K9HlMW29IWcDFPEqFkSO2nS0MuefWgMJpeHQ9YJeXDL3ZUF+P3jdXlZX/cQ==",
      "peerDependencies": {
        "react": "^16.8.0 || ^17.0.0 || ^18.0.0"
      }
    },
    "node_modules/use-isomorphic-layout-effect": {
      "version": "1.1.2",
      "resolved": "https://registry.npmjs.org/use-isomorphic-layout-effect/-/use-isomorphic-layout-effect-1.1.2.tgz",
      "integrity": "sha512-49L8yCO3iGT/ZF9QttjwLF/ZD9Iwto5LnH5LmEdk/6cFmXddqi2ulF0edxTwjj+7mqvpVVGQWvbXZdn32wRSHA==",
      "peerDependencies": {
        "react": "^16.8.0 || ^17.0.0 || ^18.0.0"
      },
      "peerDependenciesMeta": {
        "@types/react": {
          "optional": true
        }
      }
    },
    "node_modules/use-latest": {
      "version": "1.2.1",
      "resolved": "https://registry.npmjs.org/use-latest/-/use-latest-1.2.1.tgz",
      "integrity": "sha512-xA+AVm/Wlg3e2P/JiItTziwS7FK92LWrDB0p+hgXloIMuVCeJJ8v6f0eeHyPZaJrM+usM1FkFfbNCrJGs8A/zw==",
      "dependencies": {
        "use-isomorphic-layout-effect": "^1.1.1"
      },
      "peerDependencies": {
        "react": "^16.8.0 || ^17.0.0 || ^18.0.0"
      },
      "peerDependenciesMeta": {
        "@types/react": {
          "optional": true
        }
      }
    }
  }
}
